{
  "originHash" : "2c0f199577489746b4a3a62fbd0bc7466db8c7ff33f02a6e31bd74fcebbd7ea7",
  "pins" : [
    {
      "identity" : "factory",
      "kind" : "remoteSourceControl",
      "location" : "https://github.com/hmlongco/Factory.git",
      "state" : {
        "revision" : "ccc898f21992ebc130bc04cc197460a5ae230bcf",
        "version" : "2.5.3"
      }
    },
    {
      "identity" : "new-arch-mvi-navigation",
      "kind" : "remoteSourceControl",
      "location" : "https://github.com/iradell/New-Arch-MVI-Navigation.git",
      "state" : {
        "branch" : "main",
        "revision" : "e645ab17d4887d63b87c03db52854b422a258f7b"
      }
    },
    {
      "identity" : "new-arch-mvi-presentationcore",
      "kind" : "remoteSourceControl",
      "location" : "https://github.com/iradell/New-Arch-MVI-PresentationCore",
      "state" : {
        "branch" : "main",
        "revision" : "2250262a9ce12e96cfcb2afb089abc329b9f12ca"
      }
    }
  ],
  "version" : 3
}
